<?xml version="1.0" encoding="utf-8"?>
<Project ToolsVersion="4.0" xmlns="http://schemas.microsoft.com/developer/msbuild/2003">
  <ItemGroup>
    <Filter Include="Common">
      <UniqueIdentifier>086a8051-d479-4d4b-a950-996799e1fa02</UniqueIdentifier>
    </Filter>
    <Filter Include="Assets">
      <UniqueIdentifier>ed32cd3a-4f7c-49f1-80cd-1c8f2453deef</UniqueIdentifier>
      <Extensions>ico;cur;bmp;dds;dlg;fbx;rct;bin;rgs;gif;jpg;jpeg;jpe;resx;tga;tiff;tif;png;wav;mfcribbon-ms</Extensions>
    </Filter>
    <Filter Include="ECS">
      <UniqueIdentifier>{b61ea5e7-118c-46cd-b96c-183113be2905}</UniqueIdentifier>
    </Filter>
    <Filter Include="Rendering">
      <UniqueIdentifier>{fa490e63-cabd-469f-811d-28f87a8f95a9}</UniqueIdentifier>
    </Filter>
    <Filter Include="Game">
      <UniqueIdentifier>{1ecc2d2b-d6dc-4ffe-a751-cb3c36ab98d7}</UniqueIdentifier>
    </Filter>
    <Filter Include="Shader">
      <UniqueIdentifier>{32b50191-868b-48f0-97a4-bb050c3ff27f}</UniqueIdentifier>
    </Filter>
  </ItemGroup>
  <ItemGroup>
    <ClCompile Include="src\Main.cpp" />
    <ClCompile Include="src\common\Configuration.cpp">
      <Filter>Common</Filter>
    </ClCompile>
    <ClCompile Include="src\pch.cpp" />
    <ClCompile Include="Game.cpp" />
    <ClCompile Include="src\common\DirectX11Renderer.cpp">
      <Filter>Common</Filter>
    </ClCompile>
    <ClCompile Include="src\common\Job.cpp">
      <Filter>Common</Filter>
    </ClCompile>
    <ClCompile Include="src\common\Window.cpp">
      <Filter>Common</Filter>
    </ClCompile>
    <ClCompile Include="src\common\WorkDispatcher.cpp">
      <Filter>Common</Filter>
    </ClCompile>
    <ClCompile Include="src\common\Worker.cpp">
      <Filter>Common</Filter>
    </ClCompile>
    <ClCompile Include="src\ecs\SimpleMeshRenderer.cpp">
      <Filter>ECS</Filter>
    </ClCompile>
    <ClCompile Include="src\rendering\Camera.cpp">
      <Filter>Rendering</Filter>
    </ClCompile>
    <ClCompile Include="src\game\Scene.cpp">
      <Filter>Game</Filter>
    </ClCompile>
    <ClCompile Include="src\game\GameObject.cpp">
      <Filter>Game</Filter>
    </ClCompile>
    <ClCompile Include="src\rendering\Model.cpp">
      <Filter>Rendering</Filter>
    </ClCompile>
    <ClCompile Include="src\common\StbImageImplementation.cpp">
      <Filter>Common</Filter>
    </ClCompile>
    <ClCompile Include="src\rendering\VertexShader.cpp">
      <Filter>Rendering</Filter>
    </ClCompile>
    <ClCompile Include="src\rendering\PixelShader.cpp">
      <Filter>Rendering</Filter>
    </ClCompile>
    <ClCompile Include="src\rendering\Light.cpp">
      <Filter>Rendering</Filter>
    </ClCompile>
    <ClCompile Include="src\rendering\RenderingSystem.cpp">
      <Filter>Rendering</Filter>
    </ClCompile>
    <ClCompile Include="src\rendering\SkyRenderer.cpp">
      <Filter>Rendering</Filter>
    </ClCompile>
    <ClCompile Include="src\rendering\RenderingStateCache.cpp">
      <Filter>Rendering</Filter>
    </ClCompile>
    <ClCompile Include="src\rendering\CubeWorldRenderer.cpp">
      <Filter>Rendering</Filter>
    </ClCompile>
  </ItemGroup>
  <ItemGroup>
    <ResourceCompile Include="resource.rc" />
  </ItemGroup>
  <ItemGroup>
    <Image Include="directx.ico">
      <Filter>Assets</Filter>
    </Image>
  </ItemGroup>
  <ItemGroup>
    <Manifest Include="settings.manifest">
      <Filter>Assets</Filter>
    </Manifest>
  </ItemGroup>
  <ItemGroup>
    <ClInclude Include="src\common\Configuration.h">
      <Filter>Common</Filter>
    </ClInclude>
    <ClInclude Include="src\pch.h" />
    <ClInclude Include="src\common\GameTimer.h">
      <Filter>Common</Filter>
    </ClInclude>
    <ClInclude Include="src\common\ConstructorTagHelper.h">
      <Filter>Common</Filter>
    </ClInclude>
    <ClInclude Include="src\Game.h" />
    <ClInclude Include="src\common\DirectX11Renderer.h">
      <Filter>Common</Filter>
    </ClInclude>
    <ClInclude Include="src\common\IRenderer.h">
      <Filter>Common</Filter>
    </ClInclude>
    <ClInclude Include="src\common\Job.h">
      <Filter>Common</Filter>
    </ClInclude>
    <ClInclude Include="src\common\Window.h">
      <Filter>Common</Filter>
    </ClInclude>
    <ClInclude Include="src\common\WorkDispatcher.h">
      <Filter>Common</Filter>
    </ClInclude>
    <ClInclude Include="src\common\Worker.h">
      <Filter>Common</Filter>
    </ClInclude>
    <ClInclude Include="src\ecs\SimpleMeshRenderer.h">
      <Filter>ECS</Filter>
    </ClInclude>
    <ClInclude Include="src\rendering\Camera.h">
      <Filter>Rendering</Filter>
    </ClInclude>
    <ClInclude Include="src\game\Scene.h">
      <Filter>Game</Filter>
    </ClInclude>
    <ClInclude Include="src\game\GameObject.h">
      <Filter>Game</Filter>
    </ClInclude>
    <ClInclude Include="src\rendering\Model.h">
      <Filter>Rendering</Filter>
    </ClInclude>
    <ClInclude Include="src\rendering\VertexShader.h">
      <Filter>Rendering</Filter>
    </ClInclude>
    <ClInclude Include="src\rendering\PixelShader.h">
      <Filter>Rendering</Filter>
    </ClInclude>
    <ClInclude Include="src\common\BaseCache.h">
      <Filter>Common</Filter>
    </ClInclude>
    <ClInclude Include="src\common\ServiceLocator.h">
      <Filter>Common</Filter>
    </ClInclude>
    <ClInclude Include="src\rendering\Light.h">
      <Filter>Rendering</Filter>
    </ClInclude>
    <ClInclude Include="src\rendering\RenderingSystem.h">
      <Filter>Rendering</Filter>
    </ClInclude>
    <ClInclude Include="src\rendering\SkyRenderer.h">
      <Filter>Rendering</Filter>
    </ClInclude>
    <ClInclude Include="src\rendering\RenderingStateCache.h">
      <Filter>Rendering</Filter>
    </ClInclude>
    <ClInclude Include="src\rendering\CubeWorldRenderer.h">
      <Filter>Rendering</Filter>
    </ClInclude>
  </ItemGroup>
  <ItemGroup>
    <FxCompile Include="src\shaders\BasicVS.hlsl">
      <Filter>Shader</Filter>
    </FxCompile>
    <FxCompile Include="src\shaders\PhongPS.hlsl">
      <Filter>Shader</Filter>
    </FxCompile>
    <FxCompile Include="src\shaders\SkyVS.hlsl">
      <Filter>Shader</Filter>
    </FxCompile>
    <FxCompile Include="src\shaders\SkyPS.hlsl">
      <Filter>Shader</Filter>
    </FxCompile>
    <FxCompile Include="src\shaders\BoxVS.hlsl">
      <Filter>Shader</Filter>
    </FxCompile>
    <FxCompile Include="src\shaders\BoxPS.hlsl">
      <Filter>Shader</Filter>
    </FxCompile>
  </ItemGroup>
</Project>